
Microsoft Visual Studio Solution File, Format Version 12.00
# Visual Studio Version 17
VisualStudioVersion = 17.9.34728.123
MinimumVisualStudioVersion = 10.0.40219.1
Project("{FAE04EC0-301F-11D3-BF4B-00C04F79EFBC}") = "Mark_Martinez_MasterMind", "Mark_Martinez_MasterMind\Mark_Martinez_MasterMind.csproj", "{739C931D-FD69-4E5C-896C-C9011538DD72}"
EndProject
Global
	GlobalSection(SolutionConfigurationPlatforms) = preSolution
		Debug|Any CPU = Debug|Any CPU
		Release|Any CPU = Release|Any CPU
	EndGlobalSection
	GlobalSection(ProjectConfigurationPlatforms) = postSolution
		{739C931D-FD69-4E5C-896C-C9011538DD72}.Debug|Any CPU.ActiveCfg = Debug|Any CPU
		{739C931D-FD69-4E5C-896C-C9011538DD72}.Debug|Any CPU.Build.0 = Debug|Any CPU
		{739C931D-FD69-4E5C-896C-C9011538DD72}.Release|Any CPU.ActiveCfg = Release|Any CPU
		{739C931D-FD69-4E5C-896C-C9011538DD72}.Release|Any CPU.Build.0 = Release|Any CPU
	EndGlobalSection
	GlobalSection(SolutionProperties) = preSolution
		HideSolutionNode = FALSE
	EndGlobalSection
	GlobalSection(ExtensibilityGlobals) = postSolution
		SolutionGuid = {406BEE7E-8FAA-4838-9185-036B52A56575}
	EndGlobalSection
EndGlobal
